
Microsoft Visual Studio Solution File, Format Version 12.00
# Visual Studio Version 17
VisualStudioVersion = 17.0.32112.339
MinimumVisualStudioVersion = 10.0.40219.1
Project("{FAE04EC0-301F-11D3-BF4B-00C04F79EFBC}") = "Onyx", "Onyx.csproj", "{1CE625B0-F314-40F2-9054-D408E5AA5862}"
EndProject
Global
	GlobalSection(SolutionConfigurationPlatforms) = preSolution
		Debug|Any CPU = Debug|Any CPU
		Release|Any CPU = Release|Any CPU
	EndGlobalSection
	GlobalSection(ProjectConfigurationPlatforms) = postSolution
		{1CE625B0-F314-40F2-9054-D408E5AA5862}.Debug|Any CPU.ActiveCfg = Debug|Any CPU
		{1CE625B0-F314-40F2-9054-D408E5AA5862}.Debug|Any CPU.Build.0 = Debug|Any CPU
		{1CE625B0-F314-40F2-9054-D408E5AA5862}.Release|Any CPU.ActiveCfg = Release|Any CPU
		{1CE625B0-F314-40F2-9054-D408E5AA5862}.Release|Any CPU.Build.0 = Release|Any CPU
	EndGlobalSection
	GlobalSection(SolutionProperties) = preSolution
		HideSolutionNode = FALSE
	EndGlobalSection
	GlobalSection(ExtensibilityGlobals) = postSolution
		SolutionGuid = {527DCE7F-0F39-41EE-AF2C-7A6F6BF9A6DA}
	EndGlobalSection
EndGlobal
